
Microsoft Visual Studio Solution File, Format Version 12.00
# Visual Studio 15
VisualStudioVersion = 15.0.26730.10
MinimumVisualStudioVersion = 10.0.40219.1
Project("{8BC9CEB8-8B4A-11D0-8D11-00A0C91BC942}") = "JSONMaker", "JSONMaker\JSONMaker.vcxproj", "{F415B4BD-D973-4F54-8B9F-9EDE3B04034C}"
EndProject
Project("{2150E333-8FDC-42A3-9474-1A3956D46DE8}") = "Solution Items", "Solution Items", "{B0628E3E-B405-48C7-BEA3-1E24A6B7B0BE}"
	ProjectSection(SolutionItems) = preProject
		..\..\flower\flower\WebContent\source\access.json = ..\..\flower\flower\WebContent\source\access.json
		..\..\flower\flower\WebContent\source\account.json = ..\..\flower\flower\WebContent\source\account.json
		..\..\flower\flower\WebContent\source\admin.json = ..\..\flower\flower\WebContent\source\admin.json
		..\..\flower\flower\WebContent\source\adminbloglist.json = ..\..\flower\flower\WebContent\source\adminbloglist.json
		..\..\flower\flower\WebContent\source\adminblogmanagement.json = ..\..\flower\flower\WebContent\source\adminblogmanagement.json
		..\..\flower\flower\WebContent\source\adminCommon.json = ..\..\flower\flower\WebContent\source\adminCommon.json
		..\..\flower\flower\WebContent\source\adminoptionsetting.json = ..\..\flower\flower\WebContent\source\adminoptionsetting.json
		..\..\flower\flower\WebContent\source\blog.json = ..\..\flower\flower\WebContent\source\blog.json
		..\..\flower\flower\WebContent\source\blogcontent.json = ..\..\flower\flower\WebContent\source\blogcontent.json
		..\..\flower\flower\WebContent\source\blogcontent_newformat.json = ..\..\flower\flower\WebContent\source\blogcontent_newformat.json
		..\..\flower\flower\WebContent\source\blogeditsample.json = ..\..\flower\flower\WebContent\source\blogeditsample.json
		..\..\flower\flower\WebContent\source\bridal.json = ..\..\flower\flower\WebContent\source\bridal.json
		..\..\flower\flower\WebContent\source\campaigneditsample.json = ..\..\flower\flower\WebContent\source\campaigneditsample.json
		..\..\flower\flower\WebContent\source\campaignlist.json = ..\..\flower\flower\WebContent\source\campaignlist.json
		..\..\flower\flower\WebContent\source\campaignmanagement.json = ..\..\flower\flower\WebContent\source\campaignmanagement.json
		..\..\flower\flower\WebContent\source\commonJson.json = ..\..\flower\flower\WebContent\source\commonJson.json
		..\..\flower\flower\WebContent\source\commonListDialog.json = ..\..\flower\flower\WebContent\source\commonListDialog.json
		..\..\flower\flower\WebContent\source\commonUser.json = ..\..\flower\flower\WebContent\source\commonUser.json
		..\..\flower\flower\WebContent\source\confirmsendmail.json = ..\..\flower\flower\WebContent\source\confirmsendmail.json
		..\..\flower\flower\WebContent\source\contact.json = ..\..\flower\flower\WebContent\source\contact.json
		..\..\flower\flower\WebContent\source\createarticle.json = ..\..\flower\flower\WebContent\source\createarticle.json
		..\..\flower\flower\WebContent\source\createarticleintab.json = ..\..\flower\flower\WebContent\source\createarticleintab.json
		..\..\flower\flower\WebContent\source\customize.json = ..\..\flower\flower\WebContent\source\customize.json
		..\..\flower\flower\WebContent\source\dummy.xml = ..\..\flower\flower\WebContent\source\dummy.xml
		..\..\flower\flower\WebContent\source\experience.json = ..\..\flower\flower\WebContent\source\experience.json
		..\..\flower\flower\WebContent\source\experiencelesson.json = ..\..\flower\flower\WebContent\source\experiencelesson.json
		..\..\flower\flower\WebContent\source\franchise.json = ..\..\flower\flower\WebContent\source\franchise.json
		..\..\flower\flower\WebContent\source\fresh.json = ..\..\flower\flower\WebContent\source\fresh.json
		..\..\flower\flower\WebContent\source\gallery.json = ..\..\flower\flower\WebContent\source\gallery.json
		..\..\flower\flower\WebContent\source\gallerycontent.json = ..\..\flower\flower\WebContent\source\gallerycontent.json
		..\..\flower\flower\WebContent\source\index.json = ..\..\flower\flower\WebContent\source\index.json
		..\..\flower\flower\WebContent\source\init.json = ..\..\flower\flower\WebContent\source\init.json
		..\..\flower\flower\WebContent\source\loginDialog.json = ..\..\flower\flower\WebContent\source\loginDialog.json
		..\..\flower\flower\WebContent\source\memberCommon.json = ..\..\flower\flower\WebContent\source\memberCommon.json
		..\..\flower\flower\WebContent\source\memberMyBlog.json = ..\..\flower\flower\WebContent\source\memberMyBlog.json
		..\..\flower\flower\WebContent\source\memberPage.json = ..\..\flower\flower\WebContent\source\memberPage.json
		..\..\flower\flower\WebContent\source\memberPassword.json = ..\..\flower\flower\WebContent\source\memberPassword.json
		..\..\flower\flower\WebContent\source\memberProfile.json = ..\..\flower\flower\WebContent\source\memberProfile.json
		..\..\flower\flower\WebContent\source\memberSuggestionBox.json = ..\..\flower\flower\WebContent\source\memberSuggestionBox.json
		..\..\flower\flower\WebContent\source\mygallery.json = ..\..\flower\flower\WebContent\source\mygallery.json
		..\..\flower\flower\WebContent\source\mygallerycontent.json = ..\..\flower\flower\WebContent\source\mygallerycontent.json
		..\..\flower\flower\WebContent\source\myoption.json = ..\..\flower\flower\WebContent\source\myoption.json
		..\..\flower\flower\WebContent\source\myoptionsetting.json = ..\..\flower\flower\WebContent\source\myoptionsetting.json
		..\..\flower\flower\WebContent\source\mypage.json = ..\..\flower\flower\WebContent\source\mypage.json
		..\..\flower\flower\WebContent\source\mypageblogcontent.json = ..\..\flower\flower\WebContent\source\mypageblogcontent.json
		..\..\flower\flower\WebContent\source\mypagebloglist.json = ..\..\flower\flower\WebContent\source\mypagebloglist.json
		..\..\flower\flower\WebContent\source\mypagecontent.json = ..\..\flower\flower\WebContent\source\mypagecontent.json
		..\..\flower\flower\WebContent\source\national.json = ..\..\flower\flower\WebContent\source\national.json
		..\..\flower\flower\WebContent\source\nfd.json = ..\..\flower\flower\WebContent\source\nfd.json
		..\..\flower\flower\WebContent\source\numberingtest.json = ..\..\flower\flower\WebContent\source\numberingtest.json
		..\..\flower\flower\WebContent\source\preserved.json = ..\..\flower\flower\WebContent\source\preserved.json
		..\..\flower\flower\WebContent\source\reservedlessonmanagement.json = ..\..\flower\flower\WebContent\source\reservedlessonmanagement.json
		..\..\flower\flower\WebContent\source\reservedLessonTable.json = ..\..\flower\flower\WebContent\source\reservedLessonTable.json
		..\..\flower\flower\WebContent\source\studenteditsample.json = ..\..\flower\flower\WebContent\source\studenteditsample.json
		..\..\flower\flower\WebContent\source\studentlist.json = ..\..\flower\flower\WebContent\source\studentlist.json
		..\..\flower\flower\WebContent\source\studentmanagement.json = ..\..\flower\flower\WebContent\source\studentmanagement.json
		..\..\flower\flower\WebContent\source\template.html = ..\..\flower\flower\WebContent\source\template.html
		..\..\flower\flower\WebContent\source\useroption.json = ..\..\flower\flower\WebContent\source\useroption.json
		..\..\flower\flower\WebContent\source\usuallylesson.json = ..\..\flower\flower\WebContent\source\usuallylesson.json
		..\..\flower\flower\WebContent\source\voice.json = ..\..\flower\flower\WebContent\source\voice.json
		..\..\flower\flower\WebContent\source\voicestudents.json = ..\..\flower\flower\WebContent\source\voicestudents.json
		..\..\flower\flower\WebContent\source\voicestudents_newformat.json = ..\..\flower\flower\WebContent\source\voicestudents_newformat.json
	EndProjectSection
EndProject
Global
	GlobalSection(SolutionConfigurationPlatforms) = preSolution
		Debug|x64 = Debug|x64
		Debug|x86 = Debug|x86
		Release|x64 = Release|x64
		Release|x86 = Release|x86
	EndGlobalSection
	GlobalSection(ProjectConfigurationPlatforms) = postSolution
		{F415B4BD-D973-4F54-8B9F-9EDE3B04034C}.Debug|x64.ActiveCfg = Debug|x64
		{F415B4BD-D973-4F54-8B9F-9EDE3B04034C}.Debug|x64.Build.0 = Debug|x64
		{F415B4BD-D973-4F54-8B9F-9EDE3B04034C}.Debug|x86.ActiveCfg = Debug|Win32
		{F415B4BD-D973-4F54-8B9F-9EDE3B04034C}.Debug|x86.Build.0 = Debug|Win32
		{F415B4BD-D973-4F54-8B9F-9EDE3B04034C}.Release|x64.ActiveCfg = Release|x64
		{F415B4BD-D973-4F54-8B9F-9EDE3B04034C}.Release|x64.Build.0 = Release|x64
		{F415B4BD-D973-4F54-8B9F-9EDE3B04034C}.Release|x86.ActiveCfg = Release|Win32
		{F415B4BD-D973-4F54-8B9F-9EDE3B04034C}.Release|x86.Build.0 = Release|Win32
	EndGlobalSection
	GlobalSection(SolutionProperties) = preSolution
		HideSolutionNode = FALSE
	EndGlobalSection
	GlobalSection(ExtensibilityGlobals) = postSolution
		SolutionGuid = {046BE92E-D251-455E-93B2-A29EEF04E34B}
	EndGlobalSection
EndGlobal
